
Microsoft Visual Studio Solution File, Format Version 12.00
Project("{FAE04EC0-301F-11D3-BF4B-00C04F79EFBC}") = "Kiwi.WebApi", "Kiwi.WebApi\Kiwi.WebApi.csproj", "{393A3D17-37DC-4820-8975-C15F1926C1DF}"
EndProject
Project("{2150E333-8FDC-42A3-9474-1A3956D46DE8}") = "Solution Items", "Solution Items", "{EB04AD35-051E-437D-AA0C-7D79602049F5}"
	ProjectSection(SolutionItems) = preProject
		compose.yaml = compose.yaml
	EndProjectSection
EndProject
Project("{FAE04EC0-301F-11D3-BF4B-00C04F79EFBC}") = "Kiwi.Migrations", "Kiwi.Migrations\Kiwi.Migrations.csproj", "{F811B696-05E7-4FF8-94B0-114DB35AAF96}"
EndProject
Project("{FAE04EC0-301F-11D3-BF4B-00C04F79EFBC}") = "Kiwi.Core", "Kiwi.Core\Kiwi.Core.csproj", "{E774E1AA-EB3F-4A2C-9FD3-090A3CAEB056}"
EndProject
Project("{FAE04EC0-301F-11D3-BF4B-00C04F79EFBC}") = "Kiwi.Application", "Kiwi.Application\Kiwi.Application.csproj", "{9CA7AB6E-9379-42ED-A849-A54D212A2E44}"
EndProject
Project("{FAE04EC0-301F-11D3-BF4B-00C04F79EFBC}") = "Kiwi.Infrastructure", "Kiwi.Infrastructure\Kiwi.Infrastructure.csproj", "{A7335ACA-6CBE-4DEB-A40F-AD97EC1366F5}"
EndProject
Global
	GlobalSection(SolutionConfigurationPlatforms) = preSolution
		Debug|Any CPU = Debug|Any CPU
		Release|Any CPU = Release|Any CPU
	EndGlobalSection
	GlobalSection(ProjectConfigurationPlatforms) = postSolution
		{393A3D17-37DC-4820-8975-C15F1926C1DF}.Debug|Any CPU.ActiveCfg = Debug|Any CPU
		{393A3D17-37DC-4820-8975-C15F1926C1DF}.Debug|Any CPU.Build.0 = Debug|Any CPU
		{393A3D17-37DC-4820-8975-C15F1926C1DF}.Release|Any CPU.ActiveCfg = Release|Any CPU
		{393A3D17-37DC-4820-8975-C15F1926C1DF}.Release|Any CPU.Build.0 = Release|Any CPU
		{F811B696-05E7-4FF8-94B0-114DB35AAF96}.Debug|Any CPU.ActiveCfg = Debug|Any CPU
		{F811B696-05E7-4FF8-94B0-114DB35AAF96}.Debug|Any CPU.Build.0 = Debug|Any CPU
		{F811B696-05E7-4FF8-94B0-114DB35AAF96}.Release|Any CPU.ActiveCfg = Release|Any CPU
		{F811B696-05E7-4FF8-94B0-114DB35AAF96}.Release|Any CPU.Build.0 = Release|Any CPU
		{E774E1AA-EB3F-4A2C-9FD3-090A3CAEB056}.Debug|Any CPU.ActiveCfg = Debug|Any CPU
		{E774E1AA-EB3F-4A2C-9FD3-090A3CAEB056}.Debug|Any CPU.Build.0 = Debug|Any CPU
		{E774E1AA-EB3F-4A2C-9FD3-090A3CAEB056}.Release|Any CPU.ActiveCfg = Release|Any CPU
		{E774E1AA-EB3F-4A2C-9FD3-090A3CAEB056}.Release|Any CPU.Build.0 = Release|Any CPU
		{9CA7AB6E-9379-42ED-A849-A54D212A2E44}.Debug|Any CPU.ActiveCfg = Debug|Any CPU
		{9CA7AB6E-9379-42ED-A849-A54D212A2E44}.Debug|Any CPU.Build.0 = Debug|Any CPU
		{9CA7AB6E-9379-42ED-A849-A54D212A2E44}.Release|Any CPU.ActiveCfg = Release|Any CPU
		{9CA7AB6E-9379-42ED-A849-A54D212A2E44}.Release|Any CPU.Build.0 = Release|Any CPU
		{A7335ACA-6CBE-4DEB-A40F-AD97EC1366F5}.Debug|Any CPU.ActiveCfg = Debug|Any CPU
		{A7335ACA-6CBE-4DEB-A40F-AD97EC1366F5}.Debug|Any CPU.Build.0 = Debug|Any CPU
		{A7335ACA-6CBE-4DEB-A40F-AD97EC1366F5}.Release|Any CPU.ActiveCfg = Release|Any CPU
		{A7335ACA-6CBE-4DEB-A40F-AD97EC1366F5}.Release|Any CPU.Build.0 = Release|Any CPU
	EndGlobalSection
EndGlobal
